
Microsoft Visual Studio Solution File, Format Version 12.00
# Visual Studio Version 17
VisualStudioVersion = 17.5.33424.131
MinimumVisualStudioVersion = 10.0.40219.1
Project("{FAE04EC0-301F-11D3-BF4B-00C04F79EFBC}") = "calc1", "calc1\calc1.csproj", "{EFBD7353-D5CE-43B0-9C08-528148FF909A}"
EndProject
Project("{FAE04EC0-301F-11D3-BF4B-00C04F79EFBC}") = "studdd", "calc2\studdd.csproj", "{09D1974D-5263-40E2-BD8E-B1CFCAC3FF3B}"
EndProject
Project("{2150E333-8FDC-42A3-9474-1A3956D46DE8}") = "course SC", "course SC", "{8520075C-4B81-4B6F-A343-73D13D1F49E8}"
EndProject
Project("{2150E333-8FDC-42A3-9474-1A3956D46DE8}") = "my_projects", "my_projects", "{87F558BF-0133-45BA-8C87-B7635EDADBB1}"
EndProject
Project("{FAE04EC0-301F-11D3-BF4B-00C04F79EFBC}") = "calc", "calc\calc.csproj", "{149DBE54-3CAD-4941-9F59-F9A6C4DF108A}"
EndProject
Global
	GlobalSection(SolutionConfigurationPlatforms) = preSolution
		Debug|Any CPU = Debug|Any CPU
		Release|Any CPU = Release|Any CPU
	EndGlobalSection
	GlobalSection(ProjectConfigurationPlatforms) = postSolution
		{EFBD7353-D5CE-43B0-9C08-528148FF909A}.Debug|Any CPU.ActiveCfg = Debug|Any CPU
		{EFBD7353-D5CE-43B0-9C08-528148FF909A}.Debug|Any CPU.Build.0 = Debug|Any CPU
		{EFBD7353-D5CE-43B0-9C08-528148FF909A}.Release|Any CPU.ActiveCfg = Release|Any CPU
		{EFBD7353-D5CE-43B0-9C08-528148FF909A}.Release|Any CPU.Build.0 = Release|Any CPU
		{09D1974D-5263-40E2-BD8E-B1CFCAC3FF3B}.Debug|Any CPU.ActiveCfg = Debug|Any CPU
		{09D1974D-5263-40E2-BD8E-B1CFCAC3FF3B}.Debug|Any CPU.Build.0 = Debug|Any CPU
		{09D1974D-5263-40E2-BD8E-B1CFCAC3FF3B}.Release|Any CPU.ActiveCfg = Release|Any CPU
		{09D1974D-5263-40E2-BD8E-B1CFCAC3FF3B}.Release|Any CPU.Build.0 = Release|Any CPU
		{149DBE54-3CAD-4941-9F59-F9A6C4DF108A}.Debug|Any CPU.ActiveCfg = Debug|Any CPU
		{149DBE54-3CAD-4941-9F59-F9A6C4DF108A}.Debug|Any CPU.Build.0 = Debug|Any CPU
		{149DBE54-3CAD-4941-9F59-F9A6C4DF108A}.Release|Any CPU.ActiveCfg = Release|Any CPU
		{149DBE54-3CAD-4941-9F59-F9A6C4DF108A}.Release|Any CPU.Build.0 = Release|Any CPU
	EndGlobalSection
	GlobalSection(SolutionProperties) = preSolution
		HideSolutionNode = FALSE
	EndGlobalSection
	GlobalSection(NestedProjects) = preSolution
		{EFBD7353-D5CE-43B0-9C08-528148FF909A} = {8520075C-4B81-4B6F-A343-73D13D1F49E8}
		{09D1974D-5263-40E2-BD8E-B1CFCAC3FF3B} = {87F558BF-0133-45BA-8C87-B7635EDADBB1}
		{149DBE54-3CAD-4941-9F59-F9A6C4DF108A} = {8520075C-4B81-4B6F-A343-73D13D1F49E8}
	EndGlobalSection
	GlobalSection(ExtensibilityGlobals) = postSolution
		SolutionGuid = {FA515B16-C8B0-4CD3-8A3D-0057467C659B}
	EndGlobalSection
EndGlobal
