
Microsoft Visual Studio Solution File, Format Version 12.00
# Visual Studio Version 17
VisualStudioVersion = 17.5.33424.131
MinimumVisualStudioVersion = 10.0.40219.1
Project("{FAE04EC0-301F-11D3-BF4B-00C04F79EFBC}") = "calc1", "calc1\calc1.csproj", "{EFBD7353-D5CE-43B0-9C08-528148FF909A}"
EndProject
Project("{2150E333-8FDC-42A3-9474-1A3956D46DE8}") = "course SC", "course SC", "{8520075C-4B81-4B6F-A343-73D13D1F49E8}"
EndProject
Project("{2150E333-8FDC-42A3-9474-1A3956D46DE8}") = "my_projects", "my_projects", "{87F558BF-0133-45BA-8C87-B7635EDADBB1}"
EndProject
Project("{FAE04EC0-301F-11D3-BF4B-00C04F79EFBC}") = "calc", "calc\calc.csproj", "{149DBE54-3CAD-4941-9F59-F9A6C4DF108A}"
EndProject
Project("{FAE04EC0-301F-11D3-BF4B-00C04F79EFBC}") = "tasks", "schoolWORK\tasks.csproj", "{EBD11B0A-E2C9-459C-A315-AB199D522102}"
EndProject
Project("{FAE04EC0-301F-11D3-BF4B-00C04F79EFBC}") = "massivDZ", "massivDZ\massivDZ.csproj", "{B6DE3FEA-F83C-4525-A168-F685A1208FFA}"
EndProject
Project("{FAE04EC0-301F-11D3-BF4B-00C04F79EFBC}") = "METOD_1", "METOD_1\METOD_1.csproj", "{D0F0BA85-7328-40E6-9DF2-3979CB8E7673}"
EndProject
Project("{FAE04EC0-301F-11D3-BF4B-00C04F79EFBC}") = "METOD_2", "METOD_2\METOD_2.csproj", "{924DDE19-265A-427C-8812-FD79B8FDDABD}"
EndProject
Project("{2150E333-8FDC-42A3-9474-1A3956D46DE8}") = "DZ_random", "DZ_random", "{ED57F5D2-0944-4233-8951-A23521EC8217}"
EndProject
Project("{FAE04EC0-301F-11D3-BF4B-00C04F79EFBC}") = "Array_TryCatch", "Array_TryCatch\Array_TryCatch.csproj", "{C63D8EFA-93DE-4BD5-A747-E3FAC27BF0B3}"
EndProject
Project("{FAE04EC0-301F-11D3-BF4B-00C04F79EFBC}") = "rec_1", "rec_1\rec_1.csproj", "{D2448B2A-1AB1-45CB-A3F5-C5363EBB7E79}"
EndProject
Project("{FAE04EC0-301F-11D3-BF4B-00C04F79EFBC}") = "rec_2", "ref_2\rec_2.csproj", "{CEE1C3EE-5548-4980-9B6A-37AC40FA1451}"
EndProject
Project("{FAE04EC0-301F-11D3-BF4B-00C04F79EFBC}") = "rec_3", "rec_3\rec_3.csproj", "{5E12BA74-58C3-4AB5-A116-AF83382F0006}"
EndProject
Project("{FAE04EC0-301F-11D3-BF4B-00C04F79EFBC}") = "конструкторы", "test\конструкторы.csproj", "{9312DBC4-9109-47C8-9554-EF9AB47926D9}"
EndProject
Project("{FAE04EC0-301F-11D3-BF4B-00C04F79EFBC}") = "str_delete", "str_delete\str_delete.csproj", "{58EF3E8A-7624-4997-B857-D3E50FFCC357}"
EndProject
Project("{2150E333-8FDC-42A3-9474-1A3956D46DE8}") = "enum", "enum", "{94D36177-A4A9-46FA-A184-1C372D69C267}"
EndProject
Project("{FAE04EC0-301F-11D3-BF4B-00C04F79EFBC}") = "enum_0", "enum_0\enum_0.csproj", "{023CEDA6-6A39-4E02-872F-40F7117C0545}"
EndProject
Project("{FAE04EC0-301F-11D3-BF4B-00C04F79EFBC}") = "enum_1", "enum_1\enum_1.csproj", "{55463770-1B75-4025-92D9-5FFA3B808314}"
EndProject
Project("{FAE04EC0-301F-11D3-BF4B-00C04F79EFBC}") = "enum_3", "enum_3\enum_3.csproj", "{1BAA183C-1F66-4725-B62B-C3E90882E686}"
EndProject
Project("{2150E333-8FDC-42A3-9474-1A3956D46DE8}") = "рекурсия", "рекурсия", "{74ACC673-8978-4CDF-AB01-4D1CFDE35F6B}"
EndProject
Project("{FAE04EC0-301F-11D3-BF4B-00C04F79EFBC}") = "Array_counter", "Array_counter\Array_counter.csproj", "{7B5C6E37-DDC8-4D1A-A2E3-0F8B99054D02}"
EndProject
Project("{FAE04EC0-301F-11D3-BF4B-00C04F79EFBC}") = "classes and objects", "classes and objects\classes and objects.csproj", "{DA61CB31-36A3-4987-AE47-FCD7494533B5}"
EndProject
Project("{2150E333-8FDC-42A3-9474-1A3956D46DE8}") = "OOP", "OOP", "{DD84349D-72C1-463F-96CC-BD0FDE2CB025}"
EndProject
Project("{FAE04EC0-301F-11D3-BF4B-00C04F79EFBC}") = "getset", "getset\getset.csproj", "{D58D8A0C-71B8-480D-BD41-F3494CACE49E}"
EndProject
Project("{FAE04EC0-301F-11D3-BF4B-00C04F79EFBC}") = "tesst", "tesst\tesst.csproj", "{2373F753-08A5-4319-BF94-2F79C095ABC8}"
EndProject
Project("{FAE04EC0-301F-11D3-BF4B-00C04F79EFBC}") = "свойства", "ConsoleApp1\свойства.csproj", "{BE7B9D8A-6FB3-4889-A4CC-C551D59F40E9}"
EndProject
Project("{FAE04EC0-301F-11D3-BF4B-00C04F79EFBC}") = "extension", "ConsoleApp2\extension.csproj", "{1184D1D0-E9FE-4BF9-A759-9BC6C07CF594}"
EndProject
Project("{FAE04EC0-301F-11D3-BF4B-00C04F79EFBC}") = "extension task", "ConsoleApp3\extension task.csproj", "{73814F4B-98C8-46B0-B54B-5AFE88798360}"
EndProject
Project("{FAE04EC0-301F-11D3-BF4B-00C04F79EFBC}") = "getset gpt", "getset gpt\getset gpt.csproj", "{D8E4C681-69F4-40E4-B880-33C2B134E28C}"
EndProject
Project("{FAE04EC0-301F-11D3-BF4B-00C04F79EFBC}") = "const_readonly", "const_readonly\const_readonly.csproj", "{2143A96B-BB6D-4BB4-B44D-3627870FCDAE}"
EndProject
Global
	GlobalSection(SolutionConfigurationPlatforms) = preSolution
		Debug|Any CPU = Debug|Any CPU
		Release|Any CPU = Release|Any CPU
	EndGlobalSection
	GlobalSection(ProjectConfigurationPlatforms) = postSolution
		{EFBD7353-D5CE-43B0-9C08-528148FF909A}.Debug|Any CPU.ActiveCfg = Debug|Any CPU
		{EFBD7353-D5CE-43B0-9C08-528148FF909A}.Debug|Any CPU.Build.0 = Debug|Any CPU
		{EFBD7353-D5CE-43B0-9C08-528148FF909A}.Release|Any CPU.ActiveCfg = Release|Any CPU
		{EFBD7353-D5CE-43B0-9C08-528148FF909A}.Release|Any CPU.Build.0 = Release|Any CPU
		{149DBE54-3CAD-4941-9F59-F9A6C4DF108A}.Debug|Any CPU.ActiveCfg = Debug|Any CPU
		{149DBE54-3CAD-4941-9F59-F9A6C4DF108A}.Debug|Any CPU.Build.0 = Debug|Any CPU
		{149DBE54-3CAD-4941-9F59-F9A6C4DF108A}.Release|Any CPU.ActiveCfg = Release|Any CPU
		{149DBE54-3CAD-4941-9F59-F9A6C4DF108A}.Release|Any CPU.Build.0 = Release|Any CPU
		{EBD11B0A-E2C9-459C-A315-AB199D522102}.Debug|Any CPU.ActiveCfg = Debug|Any CPU
		{EBD11B0A-E2C9-459C-A315-AB199D522102}.Debug|Any CPU.Build.0 = Debug|Any CPU
		{EBD11B0A-E2C9-459C-A315-AB199D522102}.Release|Any CPU.ActiveCfg = Release|Any CPU
		{EBD11B0A-E2C9-459C-A315-AB199D522102}.Release|Any CPU.Build.0 = Release|Any CPU
		{B6DE3FEA-F83C-4525-A168-F685A1208FFA}.Debug|Any CPU.ActiveCfg = Debug|Any CPU
		{B6DE3FEA-F83C-4525-A168-F685A1208FFA}.Debug|Any CPU.Build.0 = Debug|Any CPU
		{B6DE3FEA-F83C-4525-A168-F685A1208FFA}.Release|Any CPU.ActiveCfg = Release|Any CPU
		{B6DE3FEA-F83C-4525-A168-F685A1208FFA}.Release|Any CPU.Build.0 = Release|Any CPU
		{D0F0BA85-7328-40E6-9DF2-3979CB8E7673}.Debug|Any CPU.ActiveCfg = Debug|Any CPU
		{D0F0BA85-7328-40E6-9DF2-3979CB8E7673}.Debug|Any CPU.Build.0 = Debug|Any CPU
		{D0F0BA85-7328-40E6-9DF2-3979CB8E7673}.Release|Any CPU.ActiveCfg = Release|Any CPU
		{D0F0BA85-7328-40E6-9DF2-3979CB8E7673}.Release|Any CPU.Build.0 = Release|Any CPU
		{924DDE19-265A-427C-8812-FD79B8FDDABD}.Debug|Any CPU.ActiveCfg = Debug|Any CPU
		{924DDE19-265A-427C-8812-FD79B8FDDABD}.Debug|Any CPU.Build.0 = Debug|Any CPU
		{924DDE19-265A-427C-8812-FD79B8FDDABD}.Release|Any CPU.ActiveCfg = Release|Any CPU
		{924DDE19-265A-427C-8812-FD79B8FDDABD}.Release|Any CPU.Build.0 = Release|Any CPU
		{C63D8EFA-93DE-4BD5-A747-E3FAC27BF0B3}.Debug|Any CPU.ActiveCfg = Debug|Any CPU
		{C63D8EFA-93DE-4BD5-A747-E3FAC27BF0B3}.Debug|Any CPU.Build.0 = Debug|Any CPU
		{C63D8EFA-93DE-4BD5-A747-E3FAC27BF0B3}.Release|Any CPU.ActiveCfg = Release|Any CPU
		{C63D8EFA-93DE-4BD5-A747-E3FAC27BF0B3}.Release|Any CPU.Build.0 = Release|Any CPU
		{D2448B2A-1AB1-45CB-A3F5-C5363EBB7E79}.Debug|Any CPU.ActiveCfg = Debug|Any CPU
		{D2448B2A-1AB1-45CB-A3F5-C5363EBB7E79}.Debug|Any CPU.Build.0 = Debug|Any CPU
		{D2448B2A-1AB1-45CB-A3F5-C5363EBB7E79}.Release|Any CPU.ActiveCfg = Release|Any CPU
		{D2448B2A-1AB1-45CB-A3F5-C5363EBB7E79}.Release|Any CPU.Build.0 = Release|Any CPU
		{CEE1C3EE-5548-4980-9B6A-37AC40FA1451}.Debug|Any CPU.ActiveCfg = Debug|Any CPU
		{CEE1C3EE-5548-4980-9B6A-37AC40FA1451}.Debug|Any CPU.Build.0 = Debug|Any CPU
		{CEE1C3EE-5548-4980-9B6A-37AC40FA1451}.Release|Any CPU.ActiveCfg = Release|Any CPU
		{CEE1C3EE-5548-4980-9B6A-37AC40FA1451}.Release|Any CPU.Build.0 = Release|Any CPU
		{5E12BA74-58C3-4AB5-A116-AF83382F0006}.Debug|Any CPU.ActiveCfg = Debug|Any CPU
		{5E12BA74-58C3-4AB5-A116-AF83382F0006}.Debug|Any CPU.Build.0 = Debug|Any CPU
		{5E12BA74-58C3-4AB5-A116-AF83382F0006}.Release|Any CPU.ActiveCfg = Release|Any CPU
		{5E12BA74-58C3-4AB5-A116-AF83382F0006}.Release|Any CPU.Build.0 = Release|Any CPU
		{9312DBC4-9109-47C8-9554-EF9AB47926D9}.Debug|Any CPU.ActiveCfg = Debug|Any CPU
		{9312DBC4-9109-47C8-9554-EF9AB47926D9}.Debug|Any CPU.Build.0 = Debug|Any CPU
		{9312DBC4-9109-47C8-9554-EF9AB47926D9}.Release|Any CPU.ActiveCfg = Release|Any CPU
		{9312DBC4-9109-47C8-9554-EF9AB47926D9}.Release|Any CPU.Build.0 = Release|Any CPU
		{58EF3E8A-7624-4997-B857-D3E50FFCC357}.Debug|Any CPU.ActiveCfg = Debug|Any CPU
		{58EF3E8A-7624-4997-B857-D3E50FFCC357}.Debug|Any CPU.Build.0 = Debug|Any CPU
		{58EF3E8A-7624-4997-B857-D3E50FFCC357}.Release|Any CPU.ActiveCfg = Release|Any CPU
		{58EF3E8A-7624-4997-B857-D3E50FFCC357}.Release|Any CPU.Build.0 = Release|Any CPU
		{023CEDA6-6A39-4E02-872F-40F7117C0545}.Debug|Any CPU.ActiveCfg = Debug|Any CPU
		{023CEDA6-6A39-4E02-872F-40F7117C0545}.Debug|Any CPU.Build.0 = Debug|Any CPU
		{023CEDA6-6A39-4E02-872F-40F7117C0545}.Release|Any CPU.ActiveCfg = Release|Any CPU
		{023CEDA6-6A39-4E02-872F-40F7117C0545}.Release|Any CPU.Build.0 = Release|Any CPU
		{55463770-1B75-4025-92D9-5FFA3B808314}.Debug|Any CPU.ActiveCfg = Debug|Any CPU
		{55463770-1B75-4025-92D9-5FFA3B808314}.Debug|Any CPU.Build.0 = Debug|Any CPU
		{55463770-1B75-4025-92D9-5FFA3B808314}.Release|Any CPU.ActiveCfg = Release|Any CPU
		{55463770-1B75-4025-92D9-5FFA3B808314}.Release|Any CPU.Build.0 = Release|Any CPU
		{1BAA183C-1F66-4725-B62B-C3E90882E686}.Debug|Any CPU.ActiveCfg = Debug|Any CPU
		{1BAA183C-1F66-4725-B62B-C3E90882E686}.Debug|Any CPU.Build.0 = Debug|Any CPU
		{1BAA183C-1F66-4725-B62B-C3E90882E686}.Release|Any CPU.ActiveCfg = Release|Any CPU
		{1BAA183C-1F66-4725-B62B-C3E90882E686}.Release|Any CPU.Build.0 = Release|Any CPU
		{7B5C6E37-DDC8-4D1A-A2E3-0F8B99054D02}.Debug|Any CPU.ActiveCfg = Debug|Any CPU
		{7B5C6E37-DDC8-4D1A-A2E3-0F8B99054D02}.Debug|Any CPU.Build.0 = Debug|Any CPU
		{7B5C6E37-DDC8-4D1A-A2E3-0F8B99054D02}.Release|Any CPU.ActiveCfg = Release|Any CPU
		{7B5C6E37-DDC8-4D1A-A2E3-0F8B99054D02}.Release|Any CPU.Build.0 = Release|Any CPU
		{DA61CB31-36A3-4987-AE47-FCD7494533B5}.Debug|Any CPU.ActiveCfg = Debug|Any CPU
		{DA61CB31-36A3-4987-AE47-FCD7494533B5}.Debug|Any CPU.Build.0 = Debug|Any CPU
		{DA61CB31-36A3-4987-AE47-FCD7494533B5}.Release|Any CPU.ActiveCfg = Release|Any CPU
		{DA61CB31-36A3-4987-AE47-FCD7494533B5}.Release|Any CPU.Build.0 = Release|Any CPU
		{D58D8A0C-71B8-480D-BD41-F3494CACE49E}.Debug|Any CPU.ActiveCfg = Debug|Any CPU
		{D58D8A0C-71B8-480D-BD41-F3494CACE49E}.Debug|Any CPU.Build.0 = Debug|Any CPU
		{D58D8A0C-71B8-480D-BD41-F3494CACE49E}.Release|Any CPU.ActiveCfg = Release|Any CPU
		{D58D8A0C-71B8-480D-BD41-F3494CACE49E}.Release|Any CPU.Build.0 = Release|Any CPU
		{2373F753-08A5-4319-BF94-2F79C095ABC8}.Debug|Any CPU.ActiveCfg = Debug|Any CPU
		{2373F753-08A5-4319-BF94-2F79C095ABC8}.Debug|Any CPU.Build.0 = Debug|Any CPU
		{2373F753-08A5-4319-BF94-2F79C095ABC8}.Release|Any CPU.ActiveCfg = Release|Any CPU
		{2373F753-08A5-4319-BF94-2F79C095ABC8}.Release|Any CPU.Build.0 = Release|Any CPU
		{BE7B9D8A-6FB3-4889-A4CC-C551D59F40E9}.Debug|Any CPU.ActiveCfg = Debug|Any CPU
		{BE7B9D8A-6FB3-4889-A4CC-C551D59F40E9}.Debug|Any CPU.Build.0 = Debug|Any CPU
		{BE7B9D8A-6FB3-4889-A4CC-C551D59F40E9}.Release|Any CPU.ActiveCfg = Release|Any CPU
		{BE7B9D8A-6FB3-4889-A4CC-C551D59F40E9}.Release|Any CPU.Build.0 = Release|Any CPU
		{1184D1D0-E9FE-4BF9-A759-9BC6C07CF594}.Debug|Any CPU.ActiveCfg = Debug|Any CPU
		{1184D1D0-E9FE-4BF9-A759-9BC6C07CF594}.Debug|Any CPU.Build.0 = Debug|Any CPU
		{1184D1D0-E9FE-4BF9-A759-9BC6C07CF594}.Release|Any CPU.ActiveCfg = Release|Any CPU
		{1184D1D0-E9FE-4BF9-A759-9BC6C07CF594}.Release|Any CPU.Build.0 = Release|Any CPU
		{73814F4B-98C8-46B0-B54B-5AFE88798360}.Debug|Any CPU.ActiveCfg = Debug|Any CPU
		{73814F4B-98C8-46B0-B54B-5AFE88798360}.Debug|Any CPU.Build.0 = Debug|Any CPU
		{73814F4B-98C8-46B0-B54B-5AFE88798360}.Release|Any CPU.ActiveCfg = Release|Any CPU
		{73814F4B-98C8-46B0-B54B-5AFE88798360}.Release|Any CPU.Build.0 = Release|Any CPU
		{D8E4C681-69F4-40E4-B880-33C2B134E28C}.Debug|Any CPU.ActiveCfg = Debug|Any CPU
		{D8E4C681-69F4-40E4-B880-33C2B134E28C}.Debug|Any CPU.Build.0 = Debug|Any CPU
		{D8E4C681-69F4-40E4-B880-33C2B134E28C}.Release|Any CPU.ActiveCfg = Release|Any CPU
		{D8E4C681-69F4-40E4-B880-33C2B134E28C}.Release|Any CPU.Build.0 = Release|Any CPU
		{2143A96B-BB6D-4BB4-B44D-3627870FCDAE}.Debug|Any CPU.ActiveCfg = Debug|Any CPU
		{2143A96B-BB6D-4BB4-B44D-3627870FCDAE}.Debug|Any CPU.Build.0 = Debug|Any CPU
		{2143A96B-BB6D-4BB4-B44D-3627870FCDAE}.Release|Any CPU.ActiveCfg = Release|Any CPU
		{2143A96B-BB6D-4BB4-B44D-3627870FCDAE}.Release|Any CPU.Build.0 = Release|Any CPU
	EndGlobalSection
	GlobalSection(SolutionProperties) = preSolution
		HideSolutionNode = FALSE
	EndGlobalSection
	GlobalSection(NestedProjects) = preSolution
		{EFBD7353-D5CE-43B0-9C08-528148FF909A} = {8520075C-4B81-4B6F-A343-73D13D1F49E8}
		{149DBE54-3CAD-4941-9F59-F9A6C4DF108A} = {8520075C-4B81-4B6F-A343-73D13D1F49E8}
		{EBD11B0A-E2C9-459C-A315-AB199D522102} = {87F558BF-0133-45BA-8C87-B7635EDADBB1}
		{B6DE3FEA-F83C-4525-A168-F685A1208FFA} = {8520075C-4B81-4B6F-A343-73D13D1F49E8}
		{D0F0BA85-7328-40E6-9DF2-3979CB8E7673} = {8520075C-4B81-4B6F-A343-73D13D1F49E8}
		{924DDE19-265A-427C-8812-FD79B8FDDABD} = {8520075C-4B81-4B6F-A343-73D13D1F49E8}
		{C63D8EFA-93DE-4BD5-A747-E3FAC27BF0B3} = {ED57F5D2-0944-4233-8951-A23521EC8217}
		{D2448B2A-1AB1-45CB-A3F5-C5363EBB7E79} = {8520075C-4B81-4B6F-A343-73D13D1F49E8}
		{CEE1C3EE-5548-4980-9B6A-37AC40FA1451} = {8520075C-4B81-4B6F-A343-73D13D1F49E8}
		{5E12BA74-58C3-4AB5-A116-AF83382F0006} = {8520075C-4B81-4B6F-A343-73D13D1F49E8}
		{9312DBC4-9109-47C8-9554-EF9AB47926D9} = {DD84349D-72C1-463F-96CC-BD0FDE2CB025}
		{58EF3E8A-7624-4997-B857-D3E50FFCC357} = {87F558BF-0133-45BA-8C87-B7635EDADBB1}
		{023CEDA6-6A39-4E02-872F-40F7117C0545} = {94D36177-A4A9-46FA-A184-1C372D69C267}
		{55463770-1B75-4025-92D9-5FFA3B808314} = {94D36177-A4A9-46FA-A184-1C372D69C267}
		{1BAA183C-1F66-4725-B62B-C3E90882E686} = {94D36177-A4A9-46FA-A184-1C372D69C267}
		{7B5C6E37-DDC8-4D1A-A2E3-0F8B99054D02} = {74ACC673-8978-4CDF-AB01-4D1CFDE35F6B}
		{DA61CB31-36A3-4987-AE47-FCD7494533B5} = {DD84349D-72C1-463F-96CC-BD0FDE2CB025}
		{D58D8A0C-71B8-480D-BD41-F3494CACE49E} = {DD84349D-72C1-463F-96CC-BD0FDE2CB025}
		{2373F753-08A5-4319-BF94-2F79C095ABC8} = {DD84349D-72C1-463F-96CC-BD0FDE2CB025}
		{BE7B9D8A-6FB3-4889-A4CC-C551D59F40E9} = {DD84349D-72C1-463F-96CC-BD0FDE2CB025}
		{1184D1D0-E9FE-4BF9-A759-9BC6C07CF594} = {DD84349D-72C1-463F-96CC-BD0FDE2CB025}
		{73814F4B-98C8-46B0-B54B-5AFE88798360} = {87F558BF-0133-45BA-8C87-B7635EDADBB1}
		{D8E4C681-69F4-40E4-B880-33C2B134E28C} = {87F558BF-0133-45BA-8C87-B7635EDADBB1}
		{2143A96B-BB6D-4BB4-B44D-3627870FCDAE} = {87F558BF-0133-45BA-8C87-B7635EDADBB1}
	EndGlobalSection
	GlobalSection(ExtensibilityGlobals) = postSolution
		SolutionGuid = {FA515B16-C8B0-4CD3-8A3D-0057467C659B}
	EndGlobalSection
EndGlobal
